
Microsoft Visual Studio Solution File, Format Version 12.00
# TcXaeShell Solution File, Format Version 11.00
VisualStudioVersion = 15.0.28307.1300
MinimumVisualStudioVersion = 10.0.40219.1
Project("{FE7A1B72-C5B7-4D7C-BB7D-76384D4DE8E1}") = "HotTubHMI", "HotTub_00\HotTubHMI.hmiproj", "{BC4EF12B-6619-4316-B7D9-4F7DB5D40D95}"
EndProject
Project("{B1E792BE-AA5F-4E3C-8C82-674BF9C0715B}") = "HotTubPLC", "HotTubPLC\HotTubPLC.tsproj", "{D474AA8C-2A72-4CB6-953B-D797EDB0626D}"
EndProject
Global
	GlobalSection(SolutionConfigurationPlatforms) = preSolution
		Debug|TwinCAT CE7 (ARMV7) = Debug|TwinCAT CE7 (ARMV7)
		Debug|TwinCAT HMI = Debug|TwinCAT HMI
		Debug|TwinCAT OS (ARMT2) = Debug|TwinCAT OS (ARMT2)
		Debug|TwinCAT RT (x64) = Debug|TwinCAT RT (x64)
		Debug|TwinCAT RT (x86) = Debug|TwinCAT RT (x86)
		Release|TwinCAT CE7 (ARMV7) = Release|TwinCAT CE7 (ARMV7)
		Release|TwinCAT HMI = Release|TwinCAT HMI
		Release|TwinCAT OS (ARMT2) = Release|TwinCAT OS (ARMT2)
		Release|TwinCAT RT (x64) = Release|TwinCAT RT (x64)
		Release|TwinCAT RT (x86) = Release|TwinCAT RT (x86)
	EndGlobalSection
	GlobalSection(ProjectConfigurationPlatforms) = postSolution
		{BC4EF12B-6619-4316-B7D9-4F7DB5D40D95}.Debug|TwinCAT CE7 (ARMV7).ActiveCfg = Debug|TwinCAT HMI
		{BC4EF12B-6619-4316-B7D9-4F7DB5D40D95}.Debug|TwinCAT HMI.ActiveCfg = Debug|TwinCAT HMI
		{BC4EF12B-6619-4316-B7D9-4F7DB5D40D95}.Debug|TwinCAT HMI.Build.0 = Debug|TwinCAT HMI
		{BC4EF12B-6619-4316-B7D9-4F7DB5D40D95}.Debug|TwinCAT OS (ARMT2).ActiveCfg = Debug|TwinCAT HMI
		{BC4EF12B-6619-4316-B7D9-4F7DB5D40D95}.Debug|TwinCAT RT (x64).ActiveCfg = Debug|TwinCAT HMI
		{BC4EF12B-6619-4316-B7D9-4F7DB5D40D95}.Debug|TwinCAT RT (x86).ActiveCfg = Debug|TwinCAT HMI
		{BC4EF12B-6619-4316-B7D9-4F7DB5D40D95}.Release|TwinCAT CE7 (ARMV7).ActiveCfg = Release|TwinCAT HMI
		{BC4EF12B-6619-4316-B7D9-4F7DB5D40D95}.Release|TwinCAT HMI.ActiveCfg = Release|TwinCAT HMI
		{BC4EF12B-6619-4316-B7D9-4F7DB5D40D95}.Release|TwinCAT HMI.Build.0 = Release|TwinCAT HMI
		{BC4EF12B-6619-4316-B7D9-4F7DB5D40D95}.Release|TwinCAT OS (ARMT2).ActiveCfg = Release|TwinCAT HMI
		{BC4EF12B-6619-4316-B7D9-4F7DB5D40D95}.Release|TwinCAT RT (x64).ActiveCfg = Release|TwinCAT HMI
		{BC4EF12B-6619-4316-B7D9-4F7DB5D40D95}.Release|TwinCAT RT (x86).ActiveCfg = Release|TwinCAT HMI
		{D474AA8C-2A72-4CB6-953B-D797EDB0626D}.Debug|TwinCAT CE7 (ARMV7).ActiveCfg = Debug|TwinCAT CE7 (ARMV7)
		{D474AA8C-2A72-4CB6-953B-D797EDB0626D}.Debug|TwinCAT CE7 (ARMV7).Build.0 = Debug|TwinCAT CE7 (ARMV7)
		{D474AA8C-2A72-4CB6-953B-D797EDB0626D}.Debug|TwinCAT HMI.ActiveCfg = Debug|TwinCAT RT (x64)
		{D474AA8C-2A72-4CB6-953B-D797EDB0626D}.Debug|TwinCAT HMI.Build.0 = Debug|TwinCAT RT (x64)
		{D474AA8C-2A72-4CB6-953B-D797EDB0626D}.Debug|TwinCAT OS (ARMT2).ActiveCfg = Debug|TwinCAT OS (ARMT2)
		{D474AA8C-2A72-4CB6-953B-D797EDB0626D}.Debug|TwinCAT OS (ARMT2).Build.0 = Debug|TwinCAT OS (ARMT2)
		{D474AA8C-2A72-4CB6-953B-D797EDB0626D}.Debug|TwinCAT RT (x64).ActiveCfg = Debug|TwinCAT RT (x64)
		{D474AA8C-2A72-4CB6-953B-D797EDB0626D}.Debug|TwinCAT RT (x64).Build.0 = Debug|TwinCAT RT (x64)
		{D474AA8C-2A72-4CB6-953B-D797EDB0626D}.Debug|TwinCAT RT (x86).ActiveCfg = Debug|TwinCAT RT (x86)
		{D474AA8C-2A72-4CB6-953B-D797EDB0626D}.Debug|TwinCAT RT (x86).Build.0 = Debug|TwinCAT RT (x86)
		{D474AA8C-2A72-4CB6-953B-D797EDB0626D}.Release|TwinCAT CE7 (ARMV7).ActiveCfg = Release|TwinCAT CE7 (ARMV7)
		{D474AA8C-2A72-4CB6-953B-D797EDB0626D}.Release|TwinCAT CE7 (ARMV7).Build.0 = Release|TwinCAT CE7 (ARMV7)
		{D474AA8C-2A72-4CB6-953B-D797EDB0626D}.Release|TwinCAT HMI.ActiveCfg = Release|TwinCAT RT (x64)
		{D474AA8C-2A72-4CB6-953B-D797EDB0626D}.Release|TwinCAT HMI.Build.0 = Release|TwinCAT RT (x64)
		{D474AA8C-2A72-4CB6-953B-D797EDB0626D}.Release|TwinCAT OS (ARMT2).ActiveCfg = Release|TwinCAT OS (ARMT2)
		{D474AA8C-2A72-4CB6-953B-D797EDB0626D}.Release|TwinCAT OS (ARMT2).Build.0 = Release|TwinCAT OS (ARMT2)
		{D474AA8C-2A72-4CB6-953B-D797EDB0626D}.Release|TwinCAT RT (x64).ActiveCfg = Release|TwinCAT RT (x64)
		{D474AA8C-2A72-4CB6-953B-D797EDB0626D}.Release|TwinCAT RT (x64).Build.0 = Release|TwinCAT RT (x64)
		{D474AA8C-2A72-4CB6-953B-D797EDB0626D}.Release|TwinCAT RT (x86).ActiveCfg = Release|TwinCAT RT (x86)
		{D474AA8C-2A72-4CB6-953B-D797EDB0626D}.Release|TwinCAT RT (x86).Build.0 = Release|TwinCAT RT (x86)
		{291D6C33-DD6E-4F15-80E0-547B0E53B99A}.Debug|TwinCAT CE7 (ARMV7).ActiveCfg = Debug|TwinCAT CE7 (ARMV7)
		{291D6C33-DD6E-4F15-80E0-547B0E53B99A}.Debug|TwinCAT CE7 (ARMV7).Build.0 = Debug|TwinCAT CE7 (ARMV7)
		{291D6C33-DD6E-4F15-80E0-547B0E53B99A}.Debug|TwinCAT HMI.ActiveCfg = Debug|TwinCAT RT (x86)
		{291D6C33-DD6E-4F15-80E0-547B0E53B99A}.Debug|TwinCAT HMI.Build.0 = Debug|TwinCAT RT (x86)
		{291D6C33-DD6E-4F15-80E0-547B0E53B99A}.Debug|TwinCAT OS (ARMT2).ActiveCfg = Debug|TwinCAT OS (ARMT2)
		{291D6C33-DD6E-4F15-80E0-547B0E53B99A}.Debug|TwinCAT OS (ARMT2).Build.0 = Debug|TwinCAT OS (ARMT2)
		{291D6C33-DD6E-4F15-80E0-547B0E53B99A}.Debug|TwinCAT RT (x64).ActiveCfg = Debug|TwinCAT RT (x64)
		{291D6C33-DD6E-4F15-80E0-547B0E53B99A}.Debug|TwinCAT RT (x64).Build.0 = Debug|TwinCAT RT (x64)
		{291D6C33-DD6E-4F15-80E0-547B0E53B99A}.Debug|TwinCAT RT (x86).ActiveCfg = Debug|TwinCAT RT (x86)
		{291D6C33-DD6E-4F15-80E0-547B0E53B99A}.Debug|TwinCAT RT (x86).Build.0 = Debug|TwinCAT RT (x86)
		{291D6C33-DD6E-4F15-80E0-547B0E53B99A}.Release|TwinCAT CE7 (ARMV7).ActiveCfg = Release|TwinCAT CE7 (ARMV7)
		{291D6C33-DD6E-4F15-80E0-547B0E53B99A}.Release|TwinCAT CE7 (ARMV7).Build.0 = Release|TwinCAT CE7 (ARMV7)
		{291D6C33-DD6E-4F15-80E0-547B0E53B99A}.Release|TwinCAT HMI.ActiveCfg = Release|TwinCAT RT (x86)
		{291D6C33-DD6E-4F15-80E0-547B0E53B99A}.Release|TwinCAT HMI.Build.0 = Release|TwinCAT RT (x86)
		{291D6C33-DD6E-4F15-80E0-547B0E53B99A}.Release|TwinCAT OS (ARMT2).ActiveCfg = Release|TwinCAT OS (ARMT2)
		{291D6C33-DD6E-4F15-80E0-547B0E53B99A}.Release|TwinCAT OS (ARMT2).Build.0 = Release|TwinCAT OS (ARMT2)
		{291D6C33-DD6E-4F15-80E0-547B0E53B99A}.Release|TwinCAT RT (x64).ActiveCfg = Release|TwinCAT RT (x64)
		{291D6C33-DD6E-4F15-80E0-547B0E53B99A}.Release|TwinCAT RT (x64).Build.0 = Release|TwinCAT RT (x64)
		{291D6C33-DD6E-4F15-80E0-547B0E53B99A}.Release|TwinCAT RT (x86).ActiveCfg = Release|TwinCAT RT (x86)
		{291D6C33-DD6E-4F15-80E0-547B0E53B99A}.Release|TwinCAT RT (x86).Build.0 = Release|TwinCAT RT (x86)
		{13FEF033-B901-4F1B-93FF-B4EB9215B61A}.Debug|TwinCAT CE7 (ARMV7).ActiveCfg = Debug|TwinCAT CE7 (ARMV7)
		{13FEF033-B901-4F1B-93FF-B4EB9215B61A}.Debug|TwinCAT CE7 (ARMV7).Build.0 = Debug|TwinCAT CE7 (ARMV7)
		{13FEF033-B901-4F1B-93FF-B4EB9215B61A}.Debug|TwinCAT HMI.ActiveCfg = Debug|TwinCAT RT (x86)
		{13FEF033-B901-4F1B-93FF-B4EB9215B61A}.Debug|TwinCAT HMI.Build.0 = Debug|TwinCAT RT (x86)
		{13FEF033-B901-4F1B-93FF-B4EB9215B61A}.Debug|TwinCAT OS (ARMT2).ActiveCfg = Debug|TwinCAT OS (ARMT2)
		{13FEF033-B901-4F1B-93FF-B4EB9215B61A}.Debug|TwinCAT OS (ARMT2).Build.0 = Debug|TwinCAT OS (ARMT2)
		{13FEF033-B901-4F1B-93FF-B4EB9215B61A}.Debug|TwinCAT RT (x64).ActiveCfg = Debug|TwinCAT RT (x64)
		{13FEF033-B901-4F1B-93FF-B4EB9215B61A}.Debug|TwinCAT RT (x64).Build.0 = Debug|TwinCAT RT (x64)
		{13FEF033-B901-4F1B-93FF-B4EB9215B61A}.Debug|TwinCAT RT (x86).ActiveCfg = Debug|TwinCAT RT (x86)
		{13FEF033-B901-4F1B-93FF-B4EB9215B61A}.Debug|TwinCAT RT (x86).Build.0 = Debug|TwinCAT RT (x86)
		{13FEF033-B901-4F1B-93FF-B4EB9215B61A}.Release|TwinCAT CE7 (ARMV7).ActiveCfg = Release|TwinCAT CE7 (ARMV7)
		{13FEF033-B901-4F1B-93FF-B4EB9215B61A}.Release|TwinCAT CE7 (ARMV7).Build.0 = Release|TwinCAT CE7 (ARMV7)
		{13FEF033-B901-4F1B-93FF-B4EB9215B61A}.Release|TwinCAT HMI.ActiveCfg = Release|TwinCAT RT (x86)
		{13FEF033-B901-4F1B-93FF-B4EB9215B61A}.Release|TwinCAT HMI.Build.0 = Release|TwinCAT RT (x86)
		{13FEF033-B901-4F1B-93FF-B4EB9215B61A}.Release|TwinCAT OS (ARMT2).ActiveCfg = Release|TwinCAT OS (ARMT2)
		{13FEF033-B901-4F1B-93FF-B4EB9215B61A}.Release|TwinCAT OS (ARMT2).Build.0 = Release|TwinCAT OS (ARMT2)
		{13FEF033-B901-4F1B-93FF-B4EB9215B61A}.Release|TwinCAT RT (x64).ActiveCfg = Release|TwinCAT RT (x64)
		{13FEF033-B901-4F1B-93FF-B4EB9215B61A}.Release|TwinCAT RT (x64).Build.0 = Release|TwinCAT RT (x64)
		{13FEF033-B901-4F1B-93FF-B4EB9215B61A}.Release|TwinCAT RT (x86).ActiveCfg = Release|TwinCAT RT (x86)
		{13FEF033-B901-4F1B-93FF-B4EB9215B61A}.Release|TwinCAT RT (x86).Build.0 = Release|TwinCAT RT (x86)
	EndGlobalSection
	GlobalSection(SolutionProperties) = preSolution
		HideSolutionNode = FALSE
	EndGlobalSection
	GlobalSection(ExtensibilityGlobals) = postSolution
		SolutionGuid = {C85DADE6-D556-4F04-819B-D21D6C7EC409}
	EndGlobalSection
EndGlobal
